
Microsoft Visual Studio Solution File, Format Version 12.00
# Visual Studio Version 16
VisualStudioVersion = 16.0.29728.190
MinimumVisualStudioVersion = 10.0.40219.1
Project("{FAE04EC0-301F-11D3-BF4B-00C04F79EFBC}") = "TeachingGuide.com", "TeachingGuide.com\TeachingGuide.com.csproj", "{DDB7E2D5-49AC-4C30-9BEB-E02C292698A2}"
EndProject
Project("{2150E333-8FDC-42A3-9474-1A3956D46DE8}") = "Classes", "Classes", "{DD3D1EE5-D5EF-499D-B0EA-2FB3E8F0B2C5}"
EndProject
Project("{FAE04EC0-301F-11D3-BF4B-00C04F79EFBC}") = "CommonClasses", "CommonClasses\CommonClasses.csproj", "{F7192BB7-8C85-426F-9D31-620CC0FAFEEC}"
EndProject
Project("{FAE04EC0-301F-11D3-BF4B-00C04F79EFBC}") = "MainApplication", "MainApplication\MainApplication.csproj", "{5CA0D7B3-995A-4284-9FF2-3B07E0999642}"
EndProject
Global
	GlobalSection(SolutionConfigurationPlatforms) = preSolution
		Debug|Any CPU = Debug|Any CPU
		Release|Any CPU = Release|Any CPU
	EndGlobalSection
	GlobalSection(ProjectConfigurationPlatforms) = postSolution
		{DDB7E2D5-49AC-4C30-9BEB-E02C292698A2}.Debug|Any CPU.ActiveCfg = Debug|Any CPU
		{DDB7E2D5-49AC-4C30-9BEB-E02C292698A2}.Debug|Any CPU.Build.0 = Debug|Any CPU
		{DDB7E2D5-49AC-4C30-9BEB-E02C292698A2}.Release|Any CPU.ActiveCfg = Release|Any CPU
		{DDB7E2D5-49AC-4C30-9BEB-E02C292698A2}.Release|Any CPU.Build.0 = Release|Any CPU
		{F7192BB7-8C85-426F-9D31-620CC0FAFEEC}.Debug|Any CPU.ActiveCfg = Debug|Any CPU
		{F7192BB7-8C85-426F-9D31-620CC0FAFEEC}.Debug|Any CPU.Build.0 = Debug|Any CPU
		{F7192BB7-8C85-426F-9D31-620CC0FAFEEC}.Release|Any CPU.ActiveCfg = Release|Any CPU
		{F7192BB7-8C85-426F-9D31-620CC0FAFEEC}.Release|Any CPU.Build.0 = Release|Any CPU
		{5CA0D7B3-995A-4284-9FF2-3B07E0999642}.Debug|Any CPU.ActiveCfg = Debug|Any CPU
		{5CA0D7B3-995A-4284-9FF2-3B07E0999642}.Debug|Any CPU.Build.0 = Debug|Any CPU
		{5CA0D7B3-995A-4284-9FF2-3B07E0999642}.Release|Any CPU.ActiveCfg = Release|Any CPU
		{5CA0D7B3-995A-4284-9FF2-3B07E0999642}.Release|Any CPU.Build.0 = Release|Any CPU
	EndGlobalSection
	GlobalSection(SolutionProperties) = preSolution
		HideSolutionNode = FALSE
	EndGlobalSection
	GlobalSection(ExtensibilityGlobals) = postSolution
		SolutionGuid = {EB1691FE-DBC7-4584-89C9-78E678BDDE3C}
	EndGlobalSection
EndGlobal
